
Microsoft Visual Studio Solution File, Format Version 12.00
# Visual Studio Version 17
VisualStudioVersion = 17.2.32616.157
MinimumVisualStudioVersion = 10.0.40219.1
Project("{FAE04EC0-301F-11D3-BF4B-00C04F79EFBC}") = "EventlyServer", "EventlyServer\EventlyServer.csproj", "{4981011E-0D05-4883-A908-1D7639E85224}"
EndProject
Project("{FAE04EC0-301F-11D3-BF4B-00C04F79EFBC}") = "EventlyServerTest", "EventlyServerTest\EventlyServerTest.csproj", "{6131117F-CEDF-4603-AA3D-B7190F050A0D}"
EndProject
Global
	GlobalSection(SolutionConfigurationPlatforms) = preSolution
		Debug|Any CPU = Debug|Any CPU
		Release|Any CPU = Release|Any CPU
	EndGlobalSection
	GlobalSection(ProjectConfigurationPlatforms) = postSolution
		{4981011E-0D05-4883-A908-1D7639E85224}.Debug|Any CPU.ActiveCfg = Debug|Any CPU
		{4981011E-0D05-4883-A908-1D7639E85224}.Debug|Any CPU.Build.0 = Debug|Any CPU
		{4981011E-0D05-4883-A908-1D7639E85224}.Release|Any CPU.ActiveCfg = Release|Any CPU
		{4981011E-0D05-4883-A908-1D7639E85224}.Release|Any CPU.Build.0 = Release|Any CPU
		{6131117F-CEDF-4603-AA3D-B7190F050A0D}.Debug|Any CPU.ActiveCfg = Debug|Any CPU
		{6131117F-CEDF-4603-AA3D-B7190F050A0D}.Debug|Any CPU.Build.0 = Debug|Any CPU
		{6131117F-CEDF-4603-AA3D-B7190F050A0D}.Release|Any CPU.ActiveCfg = Release|Any CPU
		{6131117F-CEDF-4603-AA3D-B7190F050A0D}.Release|Any CPU.Build.0 = Release|Any CPU
	EndGlobalSection
	GlobalSection(SolutionProperties) = preSolution
		HideSolutionNode = FALSE
	EndGlobalSection
	GlobalSection(ExtensibilityGlobals) = postSolution
		SolutionGuid = {BE2A7F40-6244-498F-AB54-E4A36EA4AF79}
	EndGlobalSection
EndGlobal
